// !$*UTF8*$!
{
	archiveVersion = 1;
	classes = {
	};
	objectVersion = 55;
	objects = {

/* Begin PBXBuildFile section */
		EB3D5F0F2823775E00BED064 /* AppDelegate.swift in Sources */ = {isa = PBXBuildFile; fileRef = EB3D5F0E2823775E00BED064 /* AppDelegate.swift */; };
		EB3D5F112823775E00BED064 /* SceneDelegate.swift in Sources */ = {isa = PBXBuildFile; fileRef = EB3D5F102823775E00BED064 /* SceneDelegate.swift */; };
		EB3D5F132823775E00BED064 /* ViewController.swift in Sources */ = {isa = PBXBuildFile; fileRef = EB3D5F122823775E00BED064 /* ViewController.swift */; };
		EB3D5F162823775E00BED064 /* Main.storyboard in Resources */ = {isa = PBXBuildFile; fileRef = EB3D5F142823775E00BED064 /* Main.storyboard */; };
		EB3D5F182823775F00BED064 /* Assets.xcassets in Resources */ = {isa = PBXBuildFile; fileRef = EB3D5F172823775F00BED064 /* Assets.xcassets */; };
		EB3D5F1B2823775F00BED064 /* LaunchScreen.storyboard in Resources */ = {isa = PBXBuildFile; fileRef = EB3D5F192823775F00BED064 /* LaunchScreen.storyboard */; };
		EB3D5F232823776E00BED064 /* YTJSON.swift in Sources */ = {isa = PBXBuildFile; fileRef = EB3D5F222823776E00BED064 /* YTJSON.swift */; };
		EB3D5F2528238F5600BED064 /* MusicTableViewController.swift in Sources */ = {isa = PBXBuildFile; fileRef = EB3D5F2428238F5600BED064 /* MusicTableViewController.swift */; };
		EB3D5F2728238F8200BED064 /* MusicTableViewCell.swift in Sources */ = {isa = PBXBuildFile; fileRef = EB3D5F2628238F8200BED064 /* MusicTableViewCell.swift */; };
		EB3D5F292823D45F00BED064 /* PlayerViewController.swift in Sources */ = {isa = PBXBuildFile; fileRef = EB3D5F282823D45F00BED064 /* PlayerViewController.swift */; };
/* End PBXBuildFile section */

/* Begin PBXFileReference section */
		EB3D5F0B2823775E00BED064 /* Work16_JSON_YT_API.app */ = {isa = PBXFileReference; explicitFileType = wrapper.application; includeInIndex = 0; path = Work16_JSON_YT_API.app; sourceTree = BUILT_PRODUCTS_DIR; };
		EB3D5F0E2823775E00BED064 /* AppDelegate.swift */ = {isa = PBXFileReference; lastKnownFileType = sourcecode.swift; path = AppDelegate.swift; sourceTree = "<group>"; };
		EB3D5F102823775E00BED064 /* SceneDelegate.swift */ = {isa = PBXFileReference; lastKnownFileType = sourcecode.swift; path = SceneDelegate.swift; sourceTree = "<group>"; };
		EB3D5F122823775E00BED064 /* ViewController.swift */ = {isa = PBXFileReference; lastKnownFileType = sourcecode.swift; path = ViewController.swift; sourceTree = "<group>"; };
		EB3D5F152823775E00BED064 /* Base */ = {isa = PBXFileReference; lastKnownFileType = file.storyboard; name = Base; path = Base.lproj/Main.storyboard; sourceTree = "<group>"; };
		EB3D5F172823775F00BED064 /* Assets.xcassets */ = {isa = PBXFileReference; lastKnownFileType = folder.assetcatalog; path = Assets.xcassets; sourceTree = "<group>"; };
		EB3D5F1A2823775F00BED064 /* Base */ = {isa = PBXFileReference; lastKnownFileType = file.storyboard; name = Base; path = Base.lproj/LaunchScreen.storyboard; sourceTree = "<group>"; };
		EB3D5F1C2823775F00BED064 /* Info.plist */ = {isa = PBXFileReference; lastKnownFileType = text.plist.xml; path = Info.plist; sourceTree = "<group>"; };
		EB3D5F222823776E00BED064 /* YTJSON.swift */ = {isa = PBXFileReference; lastKnownFileType = sourcecode.swift; path = YTJSON.swift; sourceTree = "<group>"; };
		EB3D5F2428238F5600BED064 /* MusicTableViewController.swift */ = {isa = PBXFileReference; lastKnownFileType = sourcecode.swift; path = MusicTableViewController.swift; sourceTree = "<group>"; };
		EB3D5F2628238F8200BED064 /* MusicTableViewCell.swift */ = {isa = PBXFileReference; lastKnownFileType = sourcecode.swift; path = MusicTableViewCell.swift; sourceTree = "<group>"; };
		EB3D5F282823D45F00BED064 /* PlayerViewController.swift */ = {isa = PBXFileReference; lastKnownFileType = sourcecode.swift; path = PlayerViewController.swift; sourceTree = "<group>"; };
/* End PBXFileReference section */

/* Begin PBXFrameworksBuildPhase section */
		EB3D5F082823775E00BED064 /* Frameworks */ = {
			isa = PBXFrameworksBuildPhase;
			buildActionMask = 2147483647;
			files = (
			);
			runOnlyForDeploymentPostprocessing = 0;
		};
/* End PBXFrameworksBuildPhase section */

/* Begin PBXGroup section */
		EB3D5F022823775E00BED064 = {
			isa = PBXGroup;
			children = (
				EB3D5F0D2823775E00BED064 /* Work16_JSON_YT_API */,
				EB3D5F0C2823775E00BED064 /* Products */,
			);
			sourceTree = "<group>";
		};
		EB3D5F0C2823775E00BED064 /* Products */ = {
			isa = PBXGroup;
			children = (
				EB3D5F0B2823775E00BED064 /* Work16_JSON_YT_API.app */,
			);
			name = Products;
			sourceTree = "<group>";
		};
		EB3D5F0D2823775E00BED064 /* Work16_JSON_YT_API */ = {
			isa = PBXGroup;
			children = (
				EB3D5F222823776E00BED064 /* YTJSON.swift */,
				EB3D5F0E2823775E00BED064 /* AppDelegate.swift */,
				EB3D5F102823775E00BED064 /* SceneDelegate.swift */,
				EB3D5F122823775E00BED064 /* ViewController.swift */,
				EB3D5F2428238F5600BED064 /* MusicTableViewController.swift */,
				EB3D5F2628238F8200BED064 /* MusicTableViewCell.swift */,
				EB3D5F282823D45F00BED064 /* PlayerViewController.swift */,
				EB3D5F142823775E00BED064 /* Main.storyboard */,
				EB3D5F172823775F00BED064 /* Assets.xcassets */,
				EB3D5F192823775F00BED064 /* LaunchScreen.storyboard */,
				EB3D5F1C2823775F00BED064 /* Info.plist */,
			);
			path = Work16_JSON_YT_API;
			sourceTree = "<group>";
		};
/* End PBXGroup section */

/* Begin PBXNativeTarget section */
		EB3D5F0A2823775E00BED064 /* Work16_JSON_YT_API */ = {
			isa = PBXNativeTarget;
			buildConfigurationList = EB3D5F1F2823775F00BED064 /* Build configuration list for PBXNativeTarget "Work16_JSON_YT_API" */;
			buildPhases = (
				EB3D5F072823775E00BED064 /* Sources */,
				EB3D5F082823775E00BED064 /* Frameworks */,
				EB3D5F092823775E00BED064 /* Resources */,
			);
			buildRules = (
			);
			dependencies = (
			);
			name = Work16_JSON_YT_API;
			productName = Work16_JSON_YT_API;
			productReference = EB3D5F0B2823775E00BED064 /* Work16_JSON_YT_API.app */;
			productType = "com.apple.product-type.application";
		};
/* End PBXNativeTarget section */

/* Begin PBXProject section */
		EB3D5F032823775E00BED064 /* Project object */ = {
			isa = PBXProject;
			attributes = {
				BuildIndependentTargetsInParallel = 1;
				LastSwiftUpdateCheck = 1330;
				LastUpgradeCheck = 1330;
				TargetAttributes = {
					EB3D5F0A2823775E00BED064 = {
						CreatedOnToolsVersion = 13.3;
					};
				};
			};
			buildConfigurationList = EB3D5F062823775E00BED064 /* Build configuration list for PBXProject "Work16_JSON_YT_API" */;
			compatibilityVersion = "Xcode 13.0";
			developmentRegion = en;
			hasScannedForEncodings = 0;
			knownRegions = (
				en,
				Base,
			);
			mainGroup = EB3D5F022823775E00BED064;
			productRefGroup = EB3D5F0C2823775E00BED064 /* Products */;
			projectDirPath = "";
			projectRoot = "";
			targets = (
				EB3D5F0A2823775E00BED064 /* Work16_JSON_YT_API */,
			);
		};
/* End PBXProject section */

/* Begin PBXResourcesBuildPhase section */
		EB3D5F092823775E00BED064 /* Resources */ = {
			isa = PBXResourcesBuildPhase;
			buildActionMask = 2147483647;
			files = (
				EB3D5F1B2823775F00BED064 /* LaunchScreen.storyboard in Resources */,
				EB3D5F182823775F00BED064 /* Assets.xcassets in Resources */,
				EB3D5F162823775E00BED064 /* Main.storyboard in Resources */,
			);
			runOnlyForDeploymentPostprocessing = 0;
		};
/* End PBXResourcesBuildPhase section */

/* Begin PBXSourcesBuildPhase section */
		EB3D5F072823775E00BED064 /* Sources */ = {
			isa = PBXSourcesBuildPhase;
			buildActionMask = 2147483647;
			files = (
				EB3D5F132823775E00BED064 /* ViewController.swift in Sources */,
				EB3D5F0F2823775E00BED064 /* AppDelegate.swift in Sources */,
				EB3D5F2528238F5600BED064 /* MusicTableViewController.swift in Sources */,
				EB3D5F292823D45F00BED064 /* PlayerViewController.swift in Sources */,
				EB3D5F232823776E00BED064 /* YTJSON.swift in Sources */,
				EB3D5F112823775E00BED064 /* SceneDelegate.swift in Sources */,
				EB3D5F2728238F8200BED064 /* MusicTableViewCell.swift in Sources */,
			);
			runOnlyForDeploymentPostprocessing = 0;
		};
/* End PBXSourcesBuildPhase section */

/* Begin PBXVariantGroup section */
		EB3D5F142823775E00BED064 /* Main.storyboard */ = {
			isa = PBXVariantGroup;
			children = (
				EB3D5F152823775E00BED064 /* Base */,
			);
			name = Main.storyboard;
			sourceTree = "<group>";
		};
		EB3D5F192823775F00BED064 /* LaunchScreen.storyboard */ = {
			isa = PBXVariantGroup;
			children = (
				EB3D5F1A2823775F00BED064 /* Base */,
			);
			name = LaunchScreen.storyboard;
			sourceTree = "<group>";
		};
/* End PBXVariantGroup section */

/* Begin XCBuildConfiguration section */
		EB3D5F1D2823775F00BED064 /* Debug */ = {
			isa = XCBuildConfiguration;
			buildSettings = {
				ALWAYS_SEARCH_USER_PATHS = NO;
				CLANG_ANALYZER_NONNULL = YES;
				CLANG_ANALYZER_NUMBER_OBJECT_CONVERSION = YES_AGGRESSIVE;
				CLANG_CXX_LANGUAGE_STANDARD = "gnu++17";
				CLANG_ENABLE_MODULES = YES;
				CLANG_ENABLE_OBJC_ARC = YES;
				CLANG_ENABLE_OBJC_WEAK = YES;
				CLANG_WARN_BLOCK_CAPTURE_AUTORELEASING = YES;
				CLANG_WARN_BOOL_CONVERSION = YES;
				CLANG_WARN_COMMA = YES;
				CLANG_WARN_CONSTANT_CONVERSION = YES;
				CLANG_WARN_DEPRECATED_OBJC_IMPLEMENTATIONS = YES;
				CLANG_WARN_DIRECT_OBJC_ISA_USAGE = YES_ERROR;
				CLANG_WARN_DOCUMENTATION_COMMENTS = YES;
				CLANG_WARN_EMPTY_BODY = YES;
				CLANG_WARN_ENUM_CONVERSION = YES;
				CLANG_WARN_INFINITE_RECURSION = YES;
				CLANG_WARN_INT_CONVERSION = YES;
				CLANG_WARN_NON_LITERAL_NULL_CONVERSION = YES;
				CLANG_WARN_OBJC_IMPLICIT_RETAIN_SELF = YES;
				CLANG_WARN_OBJC_LITERAL_CONVERSION = YES;
				CLANG_WARN_OBJC_ROOT_CLASS = YES_ERROR;
				CLANG_WARN_QUOTED_INCLUDE_IN_FRAMEWORK_HEADER = YES;
				CLANG_WARN_RANGE_LOOP_ANALYSIS = YES;
				CLANG_WARN_STRICT_PROTOTYPES = YES;
				CLANG_WARN_SUSPICIOUS_MOVE = YES;
				CLANG_WARN_UNGUARDED_AVAILABILITY = YES_AGGRESSIVE;
				CLANG_WARN_UNREACHABLE_CODE = YES;
				CLANG_WARN__DUPLICATE_METHOD_MATCH = YES;
				COPY_PHASE_STRIP = NO;
				DEBUG_INFORMATION_FORMAT = dwarf;
				ENABLE_STRICT_OBJC_MSGSEND = YES;
				ENABLE_TESTABILITY = YES;
				GCC_C_LANGUAGE_STANDARD = gnu11;
				GCC_DYNAMIC_NO_PIC = NO;
				GCC_NO_COMMON_BLOCKS = YES;
				GCC_OPTIMIZATION_LEVEL = 0;
				GCC_PREPROCESSOR_DEFINITIONS = (
					"DEBUG=1",
					"$(inherited)",
				);
				GCC_WARN_64_TO_32_BIT_CONVERSION = YES;
				GCC_WARN_ABOUT_RETURN_TYPE = YES_ERROR;
				GCC_WARN_UNDECLARED_SELECTOR = YES;
				GCC_WARN_UNINITIALIZED_AUTOS = YES_AGGRESSIVE;
				GCC_WARN_UNUSED_FUNCTION = YES;
				GCC_WARN_UNUSED_VARIABLE = YES;
				IPHONEOS_DEPLOYMENT_TARGET = 15.4;
				MTL_ENABLE_DEBUG_INFO = INCLUDE_SOURCE;
				MTL_FAST_MATH = YES;
				ONLY_ACTIVE_ARCH = YES;
				SDKROOT = iphoneos;
				SWIFT_ACTIVE_COMPILATION_CONDITIONS = DEBUG;
				SWIFT_OPTIMIZATION_LEVEL = "-Onone";
			};
			name = Debug;
		};
		EB3D5F1E2823775F00BED064 /* Release */ = {
			isa = XCBuildConfiguration;
			buildSettings = {
				ALWAYS_SEARCH_USER_PATHS = NO;
				CLANG_ANALYZER_NONNULL = YES;
				CLANG_ANALYZER_NUMBER_OBJECT_CONVERSION = YES_AGGRESSIVE;
				CLANG_CXX_LANGUAGE_STANDARD = "gnu++17";
				CLANG_ENABLE_MODULES = YES;
				CLANG_ENABLE_OBJC_ARC = YES;
				CLANG_ENABLE_OBJC_WEAK = YES;
				CLANG_WARN_BLOCK_CAPTURE_AUTORELEASING = YES;
				CLANG_WARN_BOOL_CONVERSION = YES;
				CLANG_WARN_COMMA = YES;
				CLANG_WARN_CONSTANT_CONVERSION = YES;
				CLANG_WARN_DEPRECATED_OBJC_IMPLEMENTATIONS = YES;
				CLANG_WARN_DIRECT_OBJC_ISA_USAGE = YES_ERROR;
				CLANG_WARN_DOCUMENTATION_COMMENTS = YES;
				CLANG_WARN_EMPTY_BODY = YES;
				CLANG_WARN_ENUM_CONVERSION = YES;
				CLANG_WARN_INFINITE_RECURSION = YES;
				CLANG_WARN_INT_CONVERSION = YES;
				CLANG_WARN_NON_LITERAL_NULL_CONVERSION = YES;
				CLANG_WARN_OBJC_IMPLICIT_RETAIN_SELF = YES;
				CLANG_WARN_OBJC_LITERAL_CONVERSION = YES;
				CLANG_WARN_OBJC_ROOT_CLASS = YES_ERROR;
				CLANG_WARN_QUOTED_INCLUDE_IN_FRAMEWORK_HEADER = YES;
				CLANG_WARN_RANGE_LOOP_ANALYSIS = YES;
				CLANG_WARN_STRICT_PROTOTYPES = YES;
				CLANG_WARN_SUSPICIOUS_MOVE = YES;
				CLANG_WARN_UNGUARDED_AVAILABILITY = YES_AGGRESSIVE;
				CLANG_WARN_UNREACHABLE_CODE = YES;
				CLANG_WARN__DUPLICATE_METHOD_MATCH = YES;
				COPY_PHASE_STRIP = NO;
				DEBUG_INFORMATION_FORMAT = "dwarf-with-dsym";
				ENABLE_NS_ASSERTIONS = NO;
				ENABLE_STRICT_OBJC_MSGSEND = YES;
				GCC_C_LANGUAGE_STANDARD = gnu11;
				GCC_NO_COMMON_BLOCKS = YES;
				GCC_WARN_64_TO_32_BIT_CONVERSION = YES;
				GCC_WARN_ABOUT_RETURN_TYPE = YES_ERROR;
				GCC_WARN_UNDECLARED_SELECTOR = YES;
				GCC_WARN_UNINITIALIZED_AUTOS = YES_AGGRESSIVE;
				GCC_WARN_UNUSED_FUNCTION = YES;
				GCC_WARN_UNUSED_VARIABLE = YES;
				IPHONEOS_DEPLOYMENT_TARGET = 15.4;
				MTL_ENABLE_DEBUG_INFO = NO;
				MTL_FAST_MATH = YES;
				SDKROOT = iphoneos;
				SWIFT_COMPILATION_MODE = wholemodule;
				SWIFT_OPTIMIZATION_LEVEL = "-O";
				VALIDATE_PRODUCT = YES;
			};
			name = Release;
		};
		EB3D5F202823775F00BED064 /* Debug */ = {
			isa = XCBuildConfiguration;
			buildSettings = {
				ASSETCATALOG_COMPILER_APPICON_NAME = AppIcon;
				ASSETCATALOG_COMPILER_GLOBAL_ACCENT_COLOR_NAME = AccentColor;
				CODE_SIGN_STYLE = Automatic;
				CURRENT_PROJECT_VERSION = 1;
				GENERATE_INFOPLIST_FILE = YES;
				INFOPLIST_FILE = Work16_JSON_YT_API/Info.plist;
				INFOPLIST_KEY_UIApplicationSupportsIndirectInputEvents = YES;
				INFOPLIST_KEY_UILaunchStoryboardName = LaunchScreen;
				INFOPLIST_KEY_UIMainStoryboardFile = Main;
				INFOPLIST_KEY_UISupportedInterfaceOrientations_iPad = "UIInterfaceOrientationPortrait UIInterfaceOrientationPortraitUpsideDown UIInterfaceOrientationLandscapeLeft UIInterfaceOrientationLandscapeRight";
				INFOPLIST_KEY_UISupportedInterfaceOrientations_iPhone = "UIInterfaceOrientationPortrait UIInterfaceOrientationLandscapeLeft UIInterfaceOrientationLandscapeRight";
				LD_RUNPATH_SEARCH_PATHS = (
					"$(inherited)",
					"@executable_path/Frameworks",
				);
				MARKETING_VERSION = 1.0;
				PRODUCT_BUNDLE_IDENTIFIER = "Jim.com.Work16-JSON-YT-API";
				PRODUCT_NAME = "$(TARGET_NAME)";
				SWIFT_EMIT_LOC_STRINGS = YES;
				SWIFT_VERSION = 5.0;
				TARGETED_DEVICE_FAMILY = "1,2";
			};
			name = Debug;
		};
		EB3D5F212823775F00BED064 /* Release */ = {
			isa = XCBuildConfiguration;
			buildSettings = {
				ASSETCATALOG_COMPILER_APPICON_NAME = AppIcon;
				ASSETCATALOG_COMPILER_GLOBAL_ACCENT_COLOR_NAME = AccentColor;
				CODE_SIGN_STYLE = Automatic;
				CURRENT_PROJECT_VERSION = 1;
				GENERATE_INFOPLIST_FILE = YES;
				INFOPLIST_FILE = Work16_JSON_YT_API/Info.plist;
				INFOPLIST_KEY_UIApplicationSupportsIndirectInputEvents = YES;
				INFOPLIST_KEY_UILaunchStoryboardName = LaunchScreen;
				INFOPLIST_KEY_UIMainStoryboardFile = Main;
				INFOPLIST_KEY_UISupportedInterfaceOrientations_iPad = "UIInterfaceOrientationPortrait UIInterfaceOrientationPortraitUpsideDown UIInterfaceOrientationLandscapeLeft UIInterfaceOrientationLandscapeRight";
				INFOPLIST_KEY_UISupportedInterfaceOrientations_iPhone = "UIInterfaceOrientationPortrait UIInterfaceOrientationLandscapeLeft UIInterfaceOrientationLandscapeRight";
				LD_RUNPATH_SEARCH_PATHS = (
					"$(inherited)",
					"@executable_path/Frameworks",
				);
				MARKETING_VERSION = 1.0;
				PRODUCT_BUNDLE_IDENTIFIER = "Jim.com.Work16-JSON-YT-API";
				PRODUCT_NAME = "$(TARGET_NAME)";
				SWIFT_EMIT_LOC_STRINGS = YES;
				SWIFT_VERSION = 5.0;
				TARGETED_DEVICE_FAMILY = "1,2";
			};
			name = Release;
		};
/* End XCBuildConfiguration section */

/* Begin XCConfigurationList section */
		EB3D5F062823775E00BED064 /* Build configuration list for PBXProject "Work16_JSON_YT_API" */ = {
			isa = XCConfigurationList;
			buildConfigurations = (
				EB3D5F1D2823775F00BED064 /* Debug */,
				EB3D5F1E2823775F00BED064 /* Release */,
			);
			defaultConfigurationIsVisible = 0;
			defaultConfigurationName = Release;
		};
		EB3D5F1F2823775F00BED064 /* Build configuration list for PBXNativeTarget "Work16_JSON_YT_API" */ = {
			isa = XCConfigurationList;
			buildConfigurations = (
				EB3D5F202823775F00BED064 /* Debug */,
				EB3D5F212823775F00BED064 /* Release */,
			);
			defaultConfigurationIsVisible = 0;
			defaultConfigurationName = Release;
		};
/* End XCConfigurationList section */
	};
	rootObject = EB3D5F032823775E00BED064 /* Project object */;
}
